# This file is autogenerated, do not edit; changes may be undone by the next 'dep ensure'.


[[projects]]
  name = "github.com/Azure/azure-pipeline-go"
  packages = ["pipeline"]
  revision = "9804b770d6810999e2bcb7480fb509504e72b2ba"
  version = "0.1.4"

[solve-meta]
  analyzer-name = "dep"
  analyzer-version = 1
  inputs-digest = "8e67bf3dc886703c841c60da93b4d032a6ac411972d678ea04ff019296206685"
  solver-name = "gps-cdcl"
  solver-version = 1
